
Microsoft Visual Studio Solution File, Format Version 12.00
# Visual Studio Version 16
VisualStudioVersion = 16.0.32602.291
MinimumVisualStudioVersion = 10.0.40219.1
Project("{FAE04EC0-301F-11D3-BF4B-00C04F79EFBC}") = "TrkExtract", "TrkExtract\TrkExtract.csproj", "{C48F4458-FFF9-4853-8F8D-A5B4E3A2A04E}"
EndProject
Global
	GlobalSection(SolutionConfigurationPlatforms) = preSolution
		Debug|Any CPU = Debug|Any CPU
		Release|Any CPU = Release|Any CPU
	EndGlobalSection
	GlobalSection(ProjectConfigurationPlatforms) = postSolution
		{C48F4458-FFF9-4853-8F8D-A5B4E3A2A04E}.Debug|Any CPU.ActiveCfg = Debug|Any CPU
		{C48F4458-FFF9-4853-8F8D-A5B4E3A2A04E}.Debug|Any CPU.Build.0 = Debug|Any CPU
		{C48F4458-FFF9-4853-8F8D-A5B4E3A2A04E}.Release|Any CPU.ActiveCfg = Release|Any CPU
		{C48F4458-FFF9-4853-8F8D-A5B4E3A2A04E}.Release|Any CPU.Build.0 = Release|Any CPU
	EndGlobalSection
	GlobalSection(SolutionProperties) = preSolution
		HideSolutionNode = FALSE
	EndGlobalSection
	GlobalSection(ExtensibilityGlobals) = postSolution
		SolutionGuid = {6CF2848E-B573-4462-B74E-1F4E1437C441}
	EndGlobalSection
EndGlobal
